
Microsoft Visual Studio Solution File, Format Version 12.00
# Visual Studio Version 17
VisualStudioVersion = 17.1.32228.430
MinimumVisualStudioVersion = 10.0.40219.1
Project("{8BC9CEB8-8B4A-11D0-8D11-00A0C91BC942}") = "TextRpg", "TextRpg\TextRpg.vcxproj", "{A3A3E897-DC10-46C0-A285-43AD69CA4807}"
EndProject
Project("{8BC9CEB8-8B4A-11D0-8D11-00A0C91BC942}") = "StringTest", "StringTest\StringTest.vcxproj", "{2085244C-6F8A-4BD2-9A4C-628CAB761676}"
EndProject
Global
	GlobalSection(SolutionConfigurationPlatforms) = preSolution
		Debug|x64 = Debug|x64
		Debug|x86 = Debug|x86
		Release|x64 = Release|x64
		Release|x86 = Release|x86
	EndGlobalSection
	GlobalSection(ProjectConfigurationPlatforms) = postSolution
		{A3A3E897-DC10-46C0-A285-43AD69CA4807}.Debug|x64.ActiveCfg = Debug|x64
		{A3A3E897-DC10-46C0-A285-43AD69CA4807}.Debug|x64.Build.0 = Debug|x64
		{A3A3E897-DC10-46C0-A285-43AD69CA4807}.Debug|x86.ActiveCfg = Debug|Win32
		{A3A3E897-DC10-46C0-A285-43AD69CA4807}.Debug|x86.Build.0 = Debug|Win32
		{A3A3E897-DC10-46C0-A285-43AD69CA4807}.Release|x64.ActiveCfg = Release|x64
		{A3A3E897-DC10-46C0-A285-43AD69CA4807}.Release|x64.Build.0 = Release|x64
		{A3A3E897-DC10-46C0-A285-43AD69CA4807}.Release|x86.ActiveCfg = Release|Win32
		{A3A3E897-DC10-46C0-A285-43AD69CA4807}.Release|x86.Build.0 = Release|Win32
		{2085244C-6F8A-4BD2-9A4C-628CAB761676}.Debug|x64.ActiveCfg = Debug|x64
		{2085244C-6F8A-4BD2-9A4C-628CAB761676}.Debug|x64.Build.0 = Debug|x64
		{2085244C-6F8A-4BD2-9A4C-628CAB761676}.Debug|x86.ActiveCfg = Debug|Win32
		{2085244C-6F8A-4BD2-9A4C-628CAB761676}.Debug|x86.Build.0 = Debug|Win32
		{2085244C-6F8A-4BD2-9A4C-628CAB761676}.Release|x64.ActiveCfg = Release|x64
		{2085244C-6F8A-4BD2-9A4C-628CAB761676}.Release|x64.Build.0 = Release|x64
		{2085244C-6F8A-4BD2-9A4C-628CAB761676}.Release|x86.ActiveCfg = Release|Win32
		{2085244C-6F8A-4BD2-9A4C-628CAB761676}.Release|x86.Build.0 = Release|Win32
	EndGlobalSection
	GlobalSection(SolutionProperties) = preSolution
		HideSolutionNode = FALSE
	EndGlobalSection
	GlobalSection(ExtensibilityGlobals) = postSolution
		SolutionGuid = {B8BD7296-0ED8-412E-9602-C1E22D0B6A30}
	EndGlobalSection
EndGlobal
